
Microsoft Visual Studio Solution File, Format Version 12.00
# Visual Studio Version 16
VisualStudioVersion = 16.0.31911.196
MinimumVisualStudioVersion = 10.0.40219.1
Project("{9A19103F-16F7-4668-BE54-9A1E7A4F7556}") = "HNCK.CRM.Web", "HNCK.CRM.Web\HNCK.CRM.Web.csproj", "{28DEB788-3A65-4EB5-8246-D0594D335626}"
EndProject
Project("{9A19103F-16F7-4668-BE54-9A1E7A4F7556}") = "HNCK.CRM.Model", "HNCK.CRM.Model\HNCK.CRM.Model.csproj", "{2320CA6B-75CC-4C9B-AF7C-69D5E51D2B11}"
EndProject
Project("{9A19103F-16F7-4668-BE54-9A1E7A4F7556}") = "HNCK.CRM.QueryModel", "HNCK.CRM.QueryModel\HNCK.CRM.QueryModel.csproj", "{84DF0509-27E9-4E4D-80D2-2C50E0ED577F}"
EndProject
Project("{9A19103F-16F7-4668-BE54-9A1E7A4F7556}") = "HNCK.CRM.InfrastructureServices", "HNCK.CRM.InfrastructureServices\HNCK.CRM.InfrastructureServices.csproj", "{8FA7634E-4994-4D7A-99DE-5A1CA49CBDA9}"
EndProject
Project("{9A19103F-16F7-4668-BE54-9A1E7A4F7556}") = "HNCK.CRM.Common", "HNCK.CRM.Common\HNCK.CRM.Common.csproj", "{F3FF0900-F26A-4079-97A4-49813EFC9856}"
EndProject
Project("{9A19103F-16F7-4668-BE54-9A1E7A4F7556}") = "HNCK.CRM.DB", "HNCK.CRM.DB\HNCK.CRM.DB.csproj", "{9335AADA-2BB0-44E7-B5E4-232D865ACA15}"
EndProject
Project("{9A19103F-16F7-4668-BE54-9A1E7A4F7556}") = "HNCK.CRM.Repository", "HNCK.CRM.RepositoryServices\HNCK.CRM.Repository.csproj", "{2B660D99-A535-4C5C-B042-8726B2A63A47}"
EndProject
Project("{2150E333-8FDC-42A3-9474-1A3956D46DE8}") = "Solution Items", "Solution Items", "{AD2AAD1B-9280-4C53-A246-32A208EC44CF}"
	ProjectSection(SolutionItems) = preProject
		..\..\_docs\notes.txt = ..\..\_docs\notes.txt
	EndProjectSection
EndProject
Project("{FAE04EC0-301F-11D3-BF4B-00C04F79EFBC}") = "HNCK.CRM.Dto", "HNCK.CRM.Dto\HNCK.CRM.Dto.csproj", "{68303B27-1C5C-4AD6-81D8-EC6DA1A1F63F}"
EndProject
Global
	GlobalSection(SolutionConfigurationPlatforms) = preSolution
		Debug|Any CPU = Debug|Any CPU
		Release|Any CPU = Release|Any CPU
	EndGlobalSection
	GlobalSection(ProjectConfigurationPlatforms) = postSolution
		{28DEB788-3A65-4EB5-8246-D0594D335626}.Debug|Any CPU.ActiveCfg = Debug|Any CPU
		{28DEB788-3A65-4EB5-8246-D0594D335626}.Debug|Any CPU.Build.0 = Debug|Any CPU
		{28DEB788-3A65-4EB5-8246-D0594D335626}.Release|Any CPU.ActiveCfg = Release|Any CPU
		{28DEB788-3A65-4EB5-8246-D0594D335626}.Release|Any CPU.Build.0 = Release|Any CPU
		{2320CA6B-75CC-4C9B-AF7C-69D5E51D2B11}.Debug|Any CPU.ActiveCfg = Debug|Any CPU
		{2320CA6B-75CC-4C9B-AF7C-69D5E51D2B11}.Debug|Any CPU.Build.0 = Debug|Any CPU
		{2320CA6B-75CC-4C9B-AF7C-69D5E51D2B11}.Release|Any CPU.ActiveCfg = Release|Any CPU
		{2320CA6B-75CC-4C9B-AF7C-69D5E51D2B11}.Release|Any CPU.Build.0 = Release|Any CPU
		{84DF0509-27E9-4E4D-80D2-2C50E0ED577F}.Debug|Any CPU.ActiveCfg = Debug|Any CPU
		{84DF0509-27E9-4E4D-80D2-2C50E0ED577F}.Debug|Any CPU.Build.0 = Debug|Any CPU
		{84DF0509-27E9-4E4D-80D2-2C50E0ED577F}.Release|Any CPU.ActiveCfg = Release|Any CPU
		{84DF0509-27E9-4E4D-80D2-2C50E0ED577F}.Release|Any CPU.Build.0 = Release|Any CPU
		{8FA7634E-4994-4D7A-99DE-5A1CA49CBDA9}.Debug|Any CPU.ActiveCfg = Debug|Any CPU
		{8FA7634E-4994-4D7A-99DE-5A1CA49CBDA9}.Debug|Any CPU.Build.0 = Debug|Any CPU
		{8FA7634E-4994-4D7A-99DE-5A1CA49CBDA9}.Release|Any CPU.ActiveCfg = Release|Any CPU
		{8FA7634E-4994-4D7A-99DE-5A1CA49CBDA9}.Release|Any CPU.Build.0 = Release|Any CPU
		{F3FF0900-F26A-4079-97A4-49813EFC9856}.Debug|Any CPU.ActiveCfg = Debug|Any CPU
		{F3FF0900-F26A-4079-97A4-49813EFC9856}.Debug|Any CPU.Build.0 = Debug|Any CPU
		{F3FF0900-F26A-4079-97A4-49813EFC9856}.Release|Any CPU.ActiveCfg = Release|Any CPU
		{F3FF0900-F26A-4079-97A4-49813EFC9856}.Release|Any CPU.Build.0 = Release|Any CPU
		{9335AADA-2BB0-44E7-B5E4-232D865ACA15}.Debug|Any CPU.ActiveCfg = Debug|Any CPU
		{9335AADA-2BB0-44E7-B5E4-232D865ACA15}.Release|Any CPU.ActiveCfg = Release|Any CPU
		{9335AADA-2BB0-44E7-B5E4-232D865ACA15}.Release|Any CPU.Build.0 = Release|Any CPU
		{2B660D99-A535-4C5C-B042-8726B2A63A47}.Debug|Any CPU.ActiveCfg = Debug|Any CPU
		{2B660D99-A535-4C5C-B042-8726B2A63A47}.Debug|Any CPU.Build.0 = Debug|Any CPU
		{2B660D99-A535-4C5C-B042-8726B2A63A47}.Release|Any CPU.ActiveCfg = Release|Any CPU
		{2B660D99-A535-4C5C-B042-8726B2A63A47}.Release|Any CPU.Build.0 = Release|Any CPU
		{68303B27-1C5C-4AD6-81D8-EC6DA1A1F63F}.Debug|Any CPU.ActiveCfg = Debug|Any CPU
		{68303B27-1C5C-4AD6-81D8-EC6DA1A1F63F}.Debug|Any CPU.Build.0 = Debug|Any CPU
		{68303B27-1C5C-4AD6-81D8-EC6DA1A1F63F}.Release|Any CPU.ActiveCfg = Release|Any CPU
		{68303B27-1C5C-4AD6-81D8-EC6DA1A1F63F}.Release|Any CPU.Build.0 = Release|Any CPU
	EndGlobalSection
	GlobalSection(SolutionProperties) = preSolution
		HideSolutionNode = FALSE
	EndGlobalSection
	GlobalSection(ExtensibilityGlobals) = postSolution
		SolutionGuid = {2683A335-E5E0-48F0-A6D3-32E64F718F5B}
	EndGlobalSection
EndGlobal
